
Microsoft Visual Studio Solution File, Format Version 12.00
# Visual Studio 15
VisualStudioVersion = 15.0.26730.12
MinimumVisualStudioVersion = 10.0.40219.1
Project("{FAE04EC0-301F-11D3-BF4B-00C04F79EFBC}") = "LogikProjekt", "ShapesTestApp\LogikProjekt.csproj", "{7FDE28CD-85E6-47EF-AB41-C46A91E6E01D}"
EndProject
Global
	GlobalSection(SolutionConfigurationPlatforms) = preSolution
		Debug|Any CPU = Debug|Any CPU
		Release|Any CPU = Release|Any CPU
	EndGlobalSection
	GlobalSection(ProjectConfigurationPlatforms) = postSolution
		{7FDE28CD-85E6-47EF-AB41-C46A91E6E01D}.Debug|Any CPU.ActiveCfg = Debug|Any CPU
		{7FDE28CD-85E6-47EF-AB41-C46A91E6E01D}.Debug|Any CPU.Build.0 = Debug|Any CPU
		{7FDE28CD-85E6-47EF-AB41-C46A91E6E01D}.Release|Any CPU.ActiveCfg = Release|Any CPU
		{7FDE28CD-85E6-47EF-AB41-C46A91E6E01D}.Release|Any CPU.Build.0 = Release|Any CPU
	EndGlobalSection
	GlobalSection(SolutionProperties) = preSolution
		HideSolutionNode = FALSE
	EndGlobalSection
	GlobalSection(ExtensibilityGlobals) = postSolution
		SolutionGuid = {EEB4ED7D-98AD-4902-B349-7A61E852C0FD}
	EndGlobalSection
EndGlobal
